
Microsoft Visual Studio Solution File, Format Version 12.00
# Visual Studio Version 17
VisualStudioVersion = 17.0.32014.148
MinimumVisualStudioVersion = 10.0.40219.1
Project("{FAE04EC0-301F-11D3-BF4B-00C04F79EFBC}") = "SimchaFund.Web", "SimchaFund.Web\SimchaFund.Web.csproj", "{7DD9EA05-4736-49B7-BF43-D0D1D66F915B}"
EndProject
Global
	GlobalSection(SolutionConfigurationPlatforms) = preSolution
		Debug|Any CPU = Debug|Any CPU
		Release|Any CPU = Release|Any CPU
	EndGlobalSection
	GlobalSection(ProjectConfigurationPlatforms) = postSolution
		{7DD9EA05-4736-49B7-BF43-D0D1D66F915B}.Debug|Any CPU.ActiveCfg = Debug|Any CPU
		{7DD9EA05-4736-49B7-BF43-D0D1D66F915B}.Debug|Any CPU.Build.0 = Debug|Any CPU
		{7DD9EA05-4736-49B7-BF43-D0D1D66F915B}.Release|Any CPU.ActiveCfg = Release|Any CPU
		{7DD9EA05-4736-49B7-BF43-D0D1D66F915B}.Release|Any CPU.Build.0 = Release|Any CPU
	EndGlobalSection
	GlobalSection(SolutionProperties) = preSolution
		HideSolutionNode = FALSE
	EndGlobalSection
	GlobalSection(ExtensibilityGlobals) = postSolution
		SolutionGuid = {5D6D4A7F-F176-4DDA-AED4-E29C4A342CCF}
	EndGlobalSection
EndGlobal
